// !$*UTF8*$!
{
	archiveVersion = 1;
	classes = {
	};
	objectVersion = 46;
	objects = {

/* Begin PBXBuildFile section */
		FAC6AD8F16AAEEAE00A5E82E /* main.cpp in Sources */ = {isa = PBXBuildFile; fileRef = FAC6AD8E16AAEEAE00A5E82E /* main.cpp */; };
		FAC6AD9116AAEEAE00A5E82E /* png2csv.1 in CopyFiles */ = {isa = PBXBuildFile; fileRef = FAC6AD9016AAEEAE00A5E82E /* png2csv.1 */; };
/* End PBXBuildFile section */

/* Begin PBXCopyFilesBuildPhase section */
		FAC6AD8816AAEEAE00A5E82E /* CopyFiles */ = {
			isa = PBXCopyFilesBuildPhase;
			buildActionMask = 2147483647;
			dstPath = /usr/share/man/man1/;
			dstSubfolderSpec = 0;
			files = (
				FAC6AD9116AAEEAE00A5E82E /* png2csv.1 in CopyFiles */,
			);
			runOnlyForDeploymentPostprocessing = 1;
		};
/* End PBXCopyFilesBuildPhase section */

/* Begin PBXFileReference section */
		FAC6AD8A16AAEEAE00A5E82E /* png2csv */ = {isa = PBXFileReference; explicitFileType = "compiled.mach-o.executable"; includeInIndex = 0; path = png2csv; sourceTree = BUILT_PRODUCTS_DIR; };
		FAC6AD8E16AAEEAE00A5E82E /* main.cpp */ = {isa = PBXFileReference; lastKnownFileType = sourcecode.cpp.cpp; path = main.cpp; sourceTree = "<group>"; };
		FAC6AD9016AAEEAE00A5E82E /* png2csv.1 */ = {isa = PBXFileReference; lastKnownFileType = text.man; path = png2csv.1; sourceTree = "<group>"; };
/* End PBXFileReference section */

/* Begin PBXFrameworksBuildPhase section */
		FAC6AD8716AAEEAE00A5E82E /* Frameworks */ = {
			isa = PBXFrameworksBuildPhase;
			buildActionMask = 2147483647;
			files = (
			);
			runOnlyForDeploymentPostprocessing = 0;
		};
/* End PBXFrameworksBuildPhase section */

/* Begin PBXGroup section */
		FAC6AD7F16AAEEAE00A5E82E = {
			isa = PBXGroup;
			children = (
				FAC6AD8D16AAEEAE00A5E82E /* png2csv */,
				FAC6AD8B16AAEEAE00A5E82E /* Products */,
			);
			sourceTree = "<group>";
		};
		FAC6AD8B16AAEEAE00A5E82E /* Products */ = {
			isa = PBXGroup;
			children = (
				FAC6AD8A16AAEEAE00A5E82E /* png2csv */,
			);
			name = Products;
			sourceTree = "<group>";
		};
		FAC6AD8D16AAEEAE00A5E82E /* png2csv */ = {
			isa = PBXGroup;
			children = (
				FAC6AD8E16AAEEAE00A5E82E /* main.cpp */,
				FAC6AD9016AAEEAE00A5E82E /* png2csv.1 */,
			);
			path = png2csv;
			sourceTree = "<group>";
		};
/* End PBXGroup section */

/* Begin PBXNativeTarget section */
		FAC6AD8916AAEEAE00A5E82E /* png2csv */ = {
			isa = PBXNativeTarget;
			buildConfigurationList = FAC6AD9416AAEEAE00A5E82E /* Build configuration list for PBXNativeTarget "png2csv" */;
			buildPhases = (
				FAC6AD8616AAEEAE00A5E82E /* Sources */,
				FAC6AD8716AAEEAE00A5E82E /* Frameworks */,
				FAC6AD8816AAEEAE00A5E82E /* CopyFiles */,
			);
			buildRules = (
			);
			dependencies = (
			);
			name = png2csv;
			productName = png2csv;
			productReference = FAC6AD8A16AAEEAE00A5E82E /* png2csv */;
			productType = "com.apple.product-type.tool";
		};
/* End PBXNativeTarget section */

/* Begin PBXProject section */
		FAC6AD8116AAEEAE00A5E82E /* Project object */ = {
			isa = PBXProject;
			attributes = {
				LastUpgradeCheck = 0450;
				ORGANIZATIONNAME = "Paweł Ksieniewicz";
			};
			buildConfigurationList = FAC6AD8416AAEEAE00A5E82E /* Build configuration list for PBXProject "png2csv" */;
			compatibilityVersion = "Xcode 3.2";
			developmentRegion = English;
			hasScannedForEncodings = 0;
			knownRegions = (
				en,
			);
			mainGroup = FAC6AD7F16AAEEAE00A5E82E;
			productRefGroup = FAC6AD8B16AAEEAE00A5E82E /* Products */;
			projectDirPath = "";
			projectRoot = "";
			targets = (
				FAC6AD8916AAEEAE00A5E82E /* png2csv */,
			);
		};
/* End PBXProject section */

/* Begin PBXSourcesBuildPhase section */
		FAC6AD8616AAEEAE00A5E82E /* Sources */ = {
			isa = PBXSourcesBuildPhase;
			buildActionMask = 2147483647;
			files = (
				FAC6AD8F16AAEEAE00A5E82E /* main.cpp in Sources */,
			);
			runOnlyForDeploymentPostprocessing = 0;
		};
/* End PBXSourcesBuildPhase section */

/* Begin XCBuildConfiguration section */
		FAC6AD9216AAEEAE00A5E82E /* Debug */ = {
			isa = XCBuildConfiguration;
			buildSettings = {
				ALWAYS_SEARCH_USER_PATHS = NO;
				ARCHS = "$(ARCHS_STANDARD_64_BIT)";
				CLANG_CXX_LANGUAGE_STANDARD = "gnu++0x";
				CLANG_CXX_LIBRARY = "libc++";
				CLANG_WARN_EMPTY_BODY = YES;
				CLANG_WARN__DUPLICATE_METHOD_MATCH = YES;
				COPY_PHASE_STRIP = NO;
				GCC_C_LANGUAGE_STANDARD = gnu99;
				GCC_DYNAMIC_NO_PIC = NO;
				GCC_ENABLE_OBJC_EXCEPTIONS = YES;
				GCC_OPTIMIZATION_LEVEL = 0;
				GCC_PREPROCESSOR_DEFINITIONS = (
					"DEBUG=1",
					"$(inherited)",
				);
				GCC_SYMBOLS_PRIVATE_EXTERN = NO;
				GCC_WARN_64_TO_32_BIT_CONVERSION = YES;
				GCC_WARN_ABOUT_RETURN_TYPE = YES;
				GCC_WARN_UNINITIALIZED_AUTOS = YES;
				GCC_WARN_UNUSED_VARIABLE = YES;
				MACOSX_DEPLOYMENT_TARGET = 10.8;
				ONLY_ACTIVE_ARCH = YES;
				SDKROOT = macosx;
			};
			name = Debug;
		};
		FAC6AD9316AAEEAE00A5E82E /* Release */ = {
			isa = XCBuildConfiguration;
			buildSettings = {
				ALWAYS_SEARCH_USER_PATHS = NO;
				ARCHS = "$(ARCHS_STANDARD_64_BIT)";
				CLANG_CXX_LANGUAGE_STANDARD = "gnu++0x";
				CLANG_CXX_LIBRARY = "libc++";
				CLANG_WARN_EMPTY_BODY = YES;
				CLANG_WARN__DUPLICATE_METHOD_MATCH = YES;
				COPY_PHASE_STRIP = YES;
				DEBUG_INFORMATION_FORMAT = "dwarf-with-dsym";
				GCC_C_LANGUAGE_STANDARD = gnu99;
				GCC_ENABLE_OBJC_EXCEPTIONS = YES;
				GCC_WARN_64_TO_32_BIT_CONVERSION = YES;
				GCC_WARN_ABOUT_RETURN_TYPE = YES;
				GCC_WARN_UNINITIALIZED_AUTOS = YES;
				GCC_WARN_UNUSED_VARIABLE = YES;
				MACOSX_DEPLOYMENT_TARGET = 10.8;
				SDKROOT = macosx;
			};
			name = Release;
		};
		FAC6AD9516AAEEAE00A5E82E /* Debug */ = {
			isa = XCBuildConfiguration;
			buildSettings = {
				PRODUCT_NAME = "$(TARGET_NAME)";
			};
			name = Debug;
		};
		FAC6AD9616AAEEAE00A5E82E /* Release */ = {
			isa = XCBuildConfiguration;
			buildSettings = {
				PRODUCT_NAME = "$(TARGET_NAME)";
			};
			name = Release;
		};
/* End XCBuildConfiguration section */

/* Begin XCConfigurationList section */
		FAC6AD8416AAEEAE00A5E82E /* Build configuration list for PBXProject "png2csv" */ = {
			isa = XCConfigurationList;
			buildConfigurations = (
				FAC6AD9216AAEEAE00A5E82E /* Debug */,
				FAC6AD9316AAEEAE00A5E82E /* Release */,
			);
			defaultConfigurationIsVisible = 0;
			defaultConfigurationName = Release;
		};
		FAC6AD9416AAEEAE00A5E82E /* Build configuration list for PBXNativeTarget "png2csv" */ = {
			isa = XCConfigurationList;
			buildConfigurations = (
				FAC6AD9516AAEEAE00A5E82E /* Debug */,
				FAC6AD9616AAEEAE00A5E82E /* Release */,
			);
			defaultConfigurationIsVisible = 0;
		};
/* End XCConfigurationList section */
	};
	rootObject = FAC6AD8116AAEEAE00A5E82E /* Project object */;
}
